
Microsoft Visual Studio Solution File, Format Version 12.00
# Visual Studio Version 17
VisualStudioVersion = 17.14.36408.4 d17.14
MinimumVisualStudioVersion = 10.0.40219.1
Project("{FAE04EC0-301F-11D3-BF4B-00C04F79EFBC}") = "RestWithASPNETUdemy", "RestWithASPNETUdemy\RestWithASPNETUdemy.csproj", "{10558712-7734-488D-868B-3F8E6B8CB862}"
EndProject
Global
	GlobalSection(SolutionConfigurationPlatforms) = preSolution
		Debug|Any CPU = Debug|Any CPU
		Release|Any CPU = Release|Any CPU
	EndGlobalSection
	GlobalSection(ProjectConfigurationPlatforms) = postSolution
		{10558712-7734-488D-868B-3F8E6B8CB862}.Debug|Any CPU.ActiveCfg = Debug|Any CPU
		{10558712-7734-488D-868B-3F8E6B8CB862}.Debug|Any CPU.Build.0 = Debug|Any CPU
		{10558712-7734-488D-868B-3F8E6B8CB862}.Release|Any CPU.ActiveCfg = Release|Any CPU
		{10558712-7734-488D-868B-3F8E6B8CB862}.Release|Any CPU.Build.0 = Release|Any CPU
	EndGlobalSection
	GlobalSection(SolutionProperties) = preSolution
		HideSolutionNode = FALSE
	EndGlobalSection
	GlobalSection(ExtensibilityGlobals) = postSolution
		SolutionGuid = {86139C0D-139C-4273-8B8C-3C5E6FBF1759}
	EndGlobalSection
EndGlobal
